# THIS IS AN AUTOGENERATED FILE. DO NOT EDIT THIS FILE DIRECTLY.
# yarn lockfile v1


"@esbuild/aix-ppc64@0.28.0":
  version "0.28.0"
  resolved "https://registry.yarnpkg.com/@esbuild/aix-ppc64/-/aix-ppc64-0.28.0.tgz#7a289c158e29cbf59ea0afc83cc80f06d1c89402"
  integrity sha512-lhRUCeuOyJQURhTxl4WkpFTjIsbDayJHih5kZC1giwE+MhIzAb7mEsQMqMf18rHLsrb5qI1tafG20mLxEWcWlA==

"@esbuild/android-arm64@0.28.0":
  version "0.28.0"
  resolved "https://registry.yarnpkg.com/@esbuild/android-arm64/-/android-arm64-0.28.0.tgz#b8828d9edfa3a92660644eb8de6e4f3c203d7b17"
  integrity sha512-+WzIXQOSaGs33tLEgYPYe/yQHf0WTU0X42Jca3y8NWMbUVhp7rUnw+vAsRC/QiDrdD31IszMrZy+qwPOPjd+rw==

"@esbuild/android-arm@0.28.0":
  version "0.28.0"
  resolved "https://registry.yarnpkg.com/@esbuild/android-arm/-/android-arm-0.28.0.tgz#5ec1847605e05b5dbe5df90db9ff7e3e4c58dca7"
  integrity sha512-wqh0ByljabXLKHeWXYLqoJ5jKC4XBaw6Hk08OfMrCRd2nP2ZQ5eleDZC41XHyCNgktBGYMbqnrJKq/K/lzPMSQ==

"@esbuild/android-x64@0.28.0":
  version "0.28.0"
  resolved "https://registry.yarnpkg.com/@esbuild/android-x64/-/android-x64-0.28.0.tgz#390642175b88ef82bad4cce03f8ab13fe9b1912e"
  integrity sha512-+VJggoaKhk2VNNqVL7f6S189UzShHC/mR9EE8rDdSkdpN0KflSwWY/gWjDrNxxisg8Fp1ZCD9jLMo4m0OUfeUA==

"@esbuild/darwin-arm64@0.28.0":
  version "0.28.0"
  resolved "https://registry.yarnpkg.com/@esbuild/darwin-arm64/-/darwin-arm64-0.28.0.tgz#ae45325960d5950cd6951e4f97396f4e1ff7d8d3"
  integrity sha512-0T+A9WZm+bZ84nZBtk1ckYsOvyA3x7e2Acj1KdVfV4/2tdG4fzUp91YHx+GArWLtwqp77pBXVCPn2We7Letr0Q==

"@esbuild/darwin-x64@0.28.0":
  version "0.28.0"
  resolved "https://registry.yarnpkg.com/@esbuild/darwin-x64/-/darwin-x64-0.28.0.tgz#c079247d589b6b99449659d94f06951b84bff2e4"
  integrity sha512-fyzLm/DLDl/84OCfp2f/XQ4flmORsjU7VKt8HLjvIXChJoFFOIL6pLJPH4Yhd1n1gGFF9mPwtlN5Wf82DZs+LQ==

"@esbuild/freebsd-arm64@0.28.0":
  version "0.28.0"
  resolved "https://registry.yarnpkg.com/@esbuild/freebsd-arm64/-/freebsd-arm64-0.28.0.tgz#45c456215a486593c94900297202dc11c880a37a"
  integrity sha512-l9GeW5UZBT9k9brBYI+0WDffcRxgHQD8ShN2Ur4xWq/NFzUKm3k5lsH4PdaRgb2w7mI9u61nr2gI2mLI27Nh3Q==

"@esbuild/freebsd-x64@0.28.0":
  version "0.28.0"
  resolved "https://registry.yarnpkg.com/@esbuild/freebsd-x64/-/freebsd-x64-0.28.0.tgz#0399494c1c85e4388e9b7040bd60d48f2a5b0d2c"
  integrity sha512-BXoQai/A0wPO6Es3yFJ7APCiKGc1tdAEOgeTNy3SsB491S3aHn4S4r3e976eUnPdU+NbdtmBuLncYir2tMU9Nw==

"@esbuild/linux-arm64@0.28.0":
  version "0.28.0"
  resolved "https://registry.yarnpkg.com/@esbuild/linux-arm64/-/linux-arm64-0.28.0.tgz#d6d9f09ef0de54116bf459a4d53cac7e0952fe39"
  integrity sha512-RVyzfb3FWsGA55n6WY0MEIEPURL1FcbhFE6BffZEMEekfCzCIMtB5yyDcFnVbTnwk+CLAgTujmV/Lgvih56W+A==

"@esbuild/linux-arm@0.28.0":
  version "0.28.0"
  resolved "https://registry.yarnpkg.com/@esbuild/linux-arm/-/linux-arm-0.28.0.tgz#7b42ffa84c288ae94fdc431c1b28a89e3c3b9278"
  integrity sha512-CjaaREJagqJp7iTaNQjjidaNbCKYcd4IDkzbwwxtSvjI7NZm79qiHc8HqciMddQ6CKvJT6aBd8lO9kN/ZudLlw==

"@esbuild/linux-ia32@0.28.0":
  version "0.28.0"
  resolved "https://registry.yarnpkg.com/@esbuild/linux-ia32/-/linux-ia32-0.28.0.tgz#deb15d112ed8dd605346b6b953d23a21ff81253f"
  integrity sha512-KBnSTt1kxl9x70q+ydterVdl+Cn0H18ngRMRCEQfrbqdUuntQQ0LoMZv47uB97NljZFzY6HcfqEZ2SAyIUTQBQ==

"@esbuild/linux-loong64@0.28.0":
  version "0.28.0"
  resolved "https://registry.yarnpkg.com/@esbuild/linux-loong64/-/linux-loong64-0.28.0.tgz#81fb89d07eecc79b157dea61033757726fce0ca4"
  integrity sha512-zpSlUce1mnxzgBADvxKXX5sl8aYQHo2ezvMNI8I0lbblJtp8V4odlm3Yzlj7gPyt3T8ReksE6bK+pT3WD+aJRg==

"@esbuild/linux-mips64el@0.28.0":
  version "0.28.0"
  resolved "https://registry.yarnpkg.com/@esbuild/linux-mips64el/-/linux-mips64el-0.28.0.tgz#d0e42691b3ff7af9fb2217b70fc01f343bdb62bb"
  integrity sha512-2jIfP6mmjkdmeTlsX/9vmdmhBmKADrWqN7zcdtHIeNSCH1SqIoNI63cYsjQR8J+wGa4Y5izRcSHSm8K3QWmk3w==

"@esbuild/linux-ppc64@0.28.0":
  version "0.28.0"
  resolved "https://registry.yarnpkg.com/@esbuild/linux-ppc64/-/linux-ppc64-0.28.0.tgz#389f3e5e98f17d477c467cc87136e1a076eead87"
  integrity sha512-bc0FE9wWeC0WBm49IQMPSPILRocGTQt3j5KPCA8os6VprfuJ7KD+5PzESSrJ6GmPIPJK965ZJHTUlSA6GNYEhg==

"@esbuild/linux-riscv64@0.28.0":
  version "0.28.0"
  resolved "https://registry.yarnpkg.com/@esbuild/linux-riscv64/-/linux-riscv64-0.28.0.tgz#763bd60d59b242be12da1e67d5729f3024c605fa"
  integrity sha512-SQPZOwoTTT/HXFXQJG/vBX8sOFagGqvZyXcgLA3NhIqcBv1BJU1d46c0rGcrij2B56Z2rNiSLaZOYW5cUk7yLQ==

"@esbuild/linux-s390x@0.28.0":
  version "0.28.0"
  resolved "https://registry.yarnpkg.com/@esbuild/linux-s390x/-/linux-s390x-0.28.0.tgz#aac6061634872e4677de693bce8030d73b1fd055"
  integrity sha512-SCfR0HN8CEEjnYnySJTd2cw0k9OHB/YFzt5zgJEwa+wL/T/raGWYMBqwDNAC6dqFKmJYZoQBRfHjgwLHGSrn3Q==

"@esbuild/linux-x64@0.28.0":
  version "0.28.0"
  resolved "https://registry.yarnpkg.com/@esbuild/linux-x64/-/linux-x64-0.28.0.tgz#4f2917747188fe77632bcec65b2d84b422419779"
  integrity sha512-us0dSb9iFxIi8srnpl931Nvs65it/Jd2a2K3qs7fz2WfGPHqzfzZTfec7oxZJRNPXPnNYZtanmRc4AL/JwVzHQ==

"@esbuild/netbsd-arm64@0.28.0":
  version "0.28.0"
  resolved "https://registry.yarnpkg.com/@esbuild/netbsd-arm64/-/netbsd-arm64-0.28.0.tgz#814df0ae57a0c386814491b8397eeba82094a947"
  integrity sha512-CR/RYotgtCKwtftMwJlUU7xCVNg3lMYZ0RzTmAHSfLCXw3NtZtNpswLEj/Kkf6kEL3Gw+BpOekRX0BYCtklhUw==

"@esbuild/netbsd-x64@0.28.0":
  version "0.28.0"
  resolved "https://registry.yarnpkg.com/@esbuild/netbsd-x64/-/netbsd-x64-0.28.0.tgz#e01bdf7e60fa1a08e46d46d960b0d9bb8ac210af"
  integrity sha512-nU1yhmYutL+fQ71Kxnhg8uEOdC0pwEW9entHykTgEbna2pw2dkbFSMeqjjyHZoCmt8SBkOSvV+yNmm94aUrrqw==

"@esbuild/openbsd-arm64@0.28.0":
  version "0.28.0"
  resolved "https://registry.yarnpkg.com/@esbuild/openbsd-arm64/-/openbsd-arm64-0.28.0.tgz#4a15c36aacca68d2d5a4c90b710c06759f4c1ffa"
  integrity sha512-cXb5vApOsRsxsEl4mcZ1XY3D4DzcoMxR/nnc4IyqYs0rTI8ZKmW6kyyg+11Z8yvgMfAEldKzP7AdP64HnSC/6g==

"@esbuild/openbsd-x64@0.28.0":
  version "0.28.0"
  resolved "https://registry.yarnpkg.com/@esbuild/openbsd-x64/-/openbsd-x64-0.28.0.tgz#475e6101498a8ecce3008d7c388111d7a27c17bd"
  integrity sha512-8wZM2qqtv9UP3mzy7HiGYNH/zjTA355mpeuA+859TyR+e+Tc08IHYpLJuMsfpDJwoLo1ikIJI8jC3GFjnRClzA==

"@esbuild/openharmony-arm64@0.28.0":
  version "0.28.0"
  resolved "https://registry.yarnpkg.com/@esbuild/openharmony-arm64/-/openharmony-arm64-0.28.0.tgz#cfdc3957f0b7a69f1bde129aad17fcc2f6fa033e"
  integrity sha512-FLGfyizszcef5C3YtoyQDACyg95+dndv79i2EekILBofh5wpCa1KuBqOWKrEHZg3zrL3t5ouE5jgr94vA+Wb2w==

"@esbuild/sunos-x64@0.28.0":
  version "0.28.0"
  resolved "https://registry.yarnpkg.com/@esbuild/sunos-x64/-/sunos-x64-0.28.0.tgz#a013c856fecacd1c3aec985c8afe1d1cb017497d"
  integrity sha512-1ZgjUoEdHZZl/YlV76TSCz9Hqj9h9YmMGAgAPYd+q4SicWNX3G5GCyx9uhQWSLcbvPW8Ni7lj4gDa1T40akdlw==

"@esbuild/win32-arm64@0.28.0":
  version "0.28.0"
  resolved "https://registry.yarnpkg.com/@esbuild/win32-arm64/-/win32-arm64-0.28.0.tgz#eae05e0f35271cad3898b43168d3e9a3bbaf47e5"
  integrity sha512-Q9StnDmQ/enxnpxCCLSg0oo4+34B9TdXpuyPeTedN/6+iXBJ4J+zwfQI28u/Jl40nOYAxGoNi7mFP40RUtkmUA==

"@esbuild/win32-ia32@0.28.0":
  version "0.28.0"
  resolved "https://registry.yarnpkg.com/@esbuild/win32-ia32/-/win32-ia32-0.28.0.tgz#06161ebc5bf75c08d69feb3c6b22560515913998"
  integrity sha512-zF3ag/gfiCe6U2iczcRzSYJKH1DCI+ByzSENHlM2FcDbEeo5Zd2C86Aq0tKUYAJJ1obRP84ymxIAksZUcdztHA==

"@esbuild/win32-x64@0.28.0":
  version "0.28.0"
  resolved "https://registry.yarnpkg.com/@esbuild/win32-x64/-/win32-x64-0.28.0.tgz#04d90d5752b4ce65d2b6ac25eba08ff7624fe07c"
  integrity sha512-pEl1bO9mfAmIC+tW5btTmrKaujg3zGtUmWNdCw/xs70FBjwAL3o9OEKNHvNmnyylD6ubxUERiEhdsL0xBQ9efw==

"@libsql/client@^0.14.0":
  version "0.14.0"
  resolved "https://registry.yarnpkg.com/@libsql/client/-/client-0.14.0.tgz#df30cfb21e84797398afdd268e153cf1594c68a1"
  integrity sha512-/9HEKfn6fwXB5aTEEoMeFh4CtG0ZzbncBb1e++OCdVpgKZ/xyMsIVYXm0w7Pv4RUel803vE6LwniB3PqD72R0Q==
  dependencies:
    "@libsql/core" "^0.14.0"
    "@libsql/hrana-client" "^0.7.0"
    js-base64 "^3.7.5"
    libsql "^0.4.4"
    promise-limit "^2.7.0"

"@libsql/core@^0.14.0":
  version "0.14.0"
  resolved "https://registry.yarnpkg.com/@libsql/core/-/core-0.14.0.tgz#bbdbdf89227f1325b79e49d00babace81a47bf23"
  integrity sha512-nhbuXf7GP3PSZgdCY2Ecj8vz187ptHlZQ0VRc751oB2C1W8jQUXKKklvt7t1LJiUTQBVJuadF628eUk+3cRi4Q==
  dependencies:
    js-base64 "^3.7.5"

"@libsql/darwin-arm64@0.4.7":
  version "0.4.7"
  resolved "https://registry.yarnpkg.com/@libsql/darwin-arm64/-/darwin-arm64-0.4.7.tgz#070679b082ff88ad0a8c8fef94c6d0cc644e441f"
  integrity sha512-yOL742IfWUlUevnI5PdnIT4fryY3LYTdLm56bnY0wXBw7dhFcnjuA7jrH3oSVz2mjZTHujxoITgAE7V6Z+eAbg==

"@libsql/darwin-x64@0.4.7":
  version "0.4.7"
  resolved "https://registry.yarnpkg.com/@libsql/darwin-x64/-/darwin-x64-0.4.7.tgz#ee5cff8527777eea72e2ad9a4f1c41d6a5b6736e"
  integrity sha512-ezc7V75+eoyyH07BO9tIyJdqXXcRfZMbKcLCeF8+qWK5nP8wWuMcfOVywecsXGRbT99zc5eNra4NEx6z5PkSsA==

"@libsql/hrana-client@^0.7.0":
  version "0.7.0"
  resolved "https://registry.yarnpkg.com/@libsql/hrana-client/-/hrana-client-0.7.0.tgz#c059d8106b9d40dd931217333710aff2ceb5216e"
  integrity sha512-OF8fFQSkbL7vJY9rfuegK1R7sPgQ6kFMkDamiEccNUvieQ+3urzfDFI616oPl8V7T9zRmnTkSjMOImYCAVRVuw==
  dependencies:
    "@libsql/isomorphic-fetch" "^0.3.1"
    "@libsql/isomorphic-ws" "^0.1.5"
    js-base64 "^3.7.5"
    node-fetch "^3.3.2"

"@libsql/isomorphic-fetch@^0.3.1":
  version "0.3.1"
  resolved "https://registry.yarnpkg.com/@libsql/isomorphic-fetch/-/isomorphic-fetch-0.3.1.tgz#42023816d5645a5a3f3a78bb3899bdc5814c7b88"
  integrity sha512-6kK3SUK5Uu56zPq/Las620n5aS9xJq+jMBcNSOmjhNf/MUvdyji4vrMTqD7ptY7/4/CAVEAYDeotUz60LNQHtw==

"@libsql/isomorphic-ws@^0.1.5":
  version "0.1.5"
  resolved "https://registry.yarnpkg.com/@libsql/isomorphic-ws/-/isomorphic-ws-0.1.5.tgz#e2d1faf965ba0f3be9301fbf5640164d03c4e606"
  integrity sha512-DtLWIH29onUYR00i0GlQ3UdcTRC6EP4u9w/h9LxpUZJWRMARk6dQwZ6Jkd+QdwVpuAOrdxt18v0K2uIYR3fwFg==
  dependencies:
    "@types/ws" "^8.5.4"
    ws "^8.13.0"

"@libsql/linux-arm64-gnu@0.4.7":
  version "0.4.7"
  resolved "https://registry.yarnpkg.com/@libsql/linux-arm64-gnu/-/linux-arm64-gnu-0.4.7.tgz#d1364f51b8c5a013822257de1a51525b602ac71d"
  integrity sha512-WlX2VYB5diM4kFfNaYcyhw5y+UJAI3xcMkEUJZPtRDEIu85SsSFrQ+gvoKfcVh76B//ztSeEX2wl9yrjF7BBCA==

"@libsql/linux-arm64-musl@0.4.7":
  version "0.4.7"
  resolved "https://registry.yarnpkg.com/@libsql/linux-arm64-musl/-/linux-arm64-musl-0.4.7.tgz#14d9762853368e77e24774b306dea7c6ac2b4881"
  integrity sha512-6kK9xAArVRlTCpWeqnNMCoXW1pe7WITI378n4NpvU5EJ0Ok3aNTIC2nRPRjhro90QcnmLL1jPcrVwO4WD1U0xw==

"@libsql/linux-x64-gnu@0.4.7":
  version "0.4.7"
  resolved "https://registry.yarnpkg.com/@libsql/linux-x64-gnu/-/linux-x64-gnu-0.4.7.tgz#ae98f4311b45ffe6c6e31241b7d321cc24cf2922"
  integrity sha512-CMnNRCmlWQqqzlTw6NeaZXzLWI8bydaXDke63JTUCvu8R+fj/ENsLrVBtPDlxQ0wGsYdXGlrUCH8Qi9gJep0yQ==

"@libsql/linux-x64-musl@0.4.7":
  version "0.4.7"
  resolved "https://registry.yarnpkg.com/@libsql/linux-x64-musl/-/linux-x64-musl-0.4.7.tgz#9340d4c46e77ae072968e7dc70710dedfd6ee4f4"
  integrity sha512-nI6tpS1t6WzGAt1Kx1n1HsvtBbZ+jHn0m7ogNNT6pQHZQj7AFFTIMeDQw/i/Nt5H38np1GVRNsFe99eSIMs9XA==

"@libsql/win32-x64-msvc@0.4.7":
  version "0.4.7"
  resolved "https://registry.yarnpkg.com/@libsql/win32-x64-msvc/-/win32-x64-msvc-0.4.7.tgz#b39cc6de4af797af736e9f2179002e8ebf4d2d4a"
  integrity sha512-7pJzOWzPm6oJUxml+PCDRzYQ4A1hTMHAciTAHfFK4fkbDZX33nWPVG7Y3vqdKtslcwAzwmrNDc6sXy2nwWnbiw==

"@neon-rs/load@^0.0.4":
  version "0.0.4"
  resolved "https://registry.yarnpkg.com/@neon-rs/load/-/load-0.0.4.tgz#2a2a3292c6f1fef043f49886712d3c96a547532e"
  integrity sha512-kTPhdZyTQxB+2wpiRcFWrDcejc4JI6tkPuS7UZCG4l6Zvc5kU/gGQ/ozvHTh1XR5tS+UlfAfGuPajjzQjCiHCw==

"@types/node-cron@^3.0.11":
  version "3.0.11"
  resolved "https://registry.yarnpkg.com/@types/node-cron/-/node-cron-3.0.11.tgz#70b7131f65038ae63cfe841354c8aba363632344"
  integrity sha512-0ikrnug3/IyneSHqCBeslAhlK2aBfYek1fGo4bP4QnZPmiqSGRK+Oy7ZMisLWkesffJvQ1cqAcBnJC+8+nxIAg==

"@types/node@*":
  version "25.9.1"
  resolved "https://registry.yarnpkg.com/@types/node/-/node-25.9.1.tgz#3bda556db500ae4319c08e7fc9ab94f19013ba0b"
  integrity sha512-xfrlY7UD5rMJk3ZVJP8BNzS28J36YJg+xp+LPXV1TdWxr8uMH5A860QNxYDGQe/ylDSgjxE52Q9VnO7p75tJxg==
  dependencies:
    undici-types ">=7.24.0 <7.24.7"

"@types/node@^22.15.18":
  version "22.19.19"
  resolved "https://registry.yarnpkg.com/@types/node/-/node-22.19.19.tgz#3124bf26ded54168b768138321fef99b420c6112"
  integrity sha512-dyh/xO2Fh5bYrfWaaqGrRQQGkNdmYw6AmaAUvYeUMNTWQtvb796ikLdmTchRmOlOiIJ1TDXfWgVx1QkUlQ6Hew==
  dependencies:
    undici-types "~6.21.0"

"@types/web-push@^3.6.4":
  version "3.6.4"
  resolved "https://registry.yarnpkg.com/@types/web-push/-/web-push-3.6.4.tgz#4c6e10d3963ba51e7b4b8fff185f43612c0d1346"
  integrity sha512-GnJmSr40H3RAnj0s34FNTcJi1hmWFV5KXugE0mYWnYhgTAHLJ/dJKAwDmvPJYMke0RplY2XE9LnM4hqSqKIjhQ==
  dependencies:
    "@types/node" "*"

"@types/ws@^8.5.4":
  version "8.18.1"
  resolved "https://registry.yarnpkg.com/@types/ws/-/ws-8.18.1.tgz#48464e4bf2ddfd17db13d845467f6070ffea4aa9"
  integrity sha512-ThVF6DCVhA8kUGy+aazFQ4kXQ7E1Ty7A3ypFOe0IcJV8O/M511G99AW24irKrW56Wt44yG9+ij8FaqoBGkuBXg==
  dependencies:
    "@types/node" "*"

agent-base@^7.1.2:
  version "7.1.4"
  resolved "https://registry.yarnpkg.com/agent-base/-/agent-base-7.1.4.tgz#e3cd76d4c548ee895d3c3fd8dc1f6c5b9032e7a8"
  integrity sha512-MnA+YT8fwfJPgBx3m60MNqakm30XOkyIoH1y6huTQvC0PwZG7ki8NacLBcrPbNoo8vEZy7Jpuk7+jMO+CUovTQ==

asn1.js@^5.3.0:
  version "5.4.1"
  resolved "https://registry.yarnpkg.com/asn1.js/-/asn1.js-5.4.1.tgz#11a980b84ebb91781ce35b0fdc2ee294e3783f07"
  integrity sha512-+I//4cYPccV8LdmBLiX8CYvf9Sp3vQsrqu2QNXRcrbiWvcx/UdlFiqUJJzxRQxgsZmvhXhn4cSKeSmoFjVdupA==
  dependencies:
    bn.js "^4.0.0"
    inherits "^2.0.1"
    minimalistic-assert "^1.0.0"
    safer-buffer "^2.1.0"

bn.js@^4.0.0:
  version "4.12.3"
  resolved "https://registry.yarnpkg.com/bn.js/-/bn.js-4.12.3.tgz#2cc2c679188eb35b006f2d0d4710bed8437a769e"
  integrity sha512-fGTi3gxV/23FTYdAoUtLYp6qySe2KE3teyZitipKNRuVYcBkoP/bB3guXN/XVKUe9mxCHXnc9C4ocyz8OmgN0g==

buffer-equal-constant-time@^1.0.1:
  version "1.0.1"
  resolved "https://registry.yarnpkg.com/buffer-equal-constant-time/-/buffer-equal-constant-time-1.0.1.tgz#f8e71132f7ffe6e01a5c9697a4c6f3e48d5cc819"
  integrity sha512-zRpUiDwd/xk6ADqPMATG8vc9VPrkck7T07OIx0gnjmJAnHnTVXNQG3vfvWNuiZIkwu9KrKdA1iJKfsfTVxE6NA==

data-uri-to-buffer@^4.0.0:
  version "4.0.1"
  resolved "https://registry.yarnpkg.com/data-uri-to-buffer/-/data-uri-to-buffer-4.0.1.tgz#d8feb2b2881e6a4f58c2e08acfd0e2834e26222e"
  integrity sha512-0R9ikRb668HB7QDxT1vkpuUBtqc53YyAwMwGeUFKRojY/NWKvdZ+9UYtRfGmhqNbRkTSVpMbmyhXipFFv2cb/A==

debug@4:
  version "4.4.3"
  resolved "https://registry.yarnpkg.com/debug/-/debug-4.4.3.tgz#c6ae432d9bd9662582fce08709b038c58e9e3d6a"
  integrity sha512-RGwwWnwQvkVfavKVt22FGLw+xYSdzARwm0ru6DhTVA3umU5hZc28V3kO4stgYryrTlLpuvgI9GiijltAjNbcqA==
  dependencies:
    ms "^2.1.3"

detect-libc@2.0.2:
  version "2.0.2"
  resolved "https://registry.yarnpkg.com/detect-libc/-/detect-libc-2.0.2.tgz#8ccf2ba9315350e1241b88d0ac3b0e1fbd99605d"
  integrity sha512-UX6sGumvvqSaXgdKGUsgZWqcUyIXZ/vZTrlRT/iobiKhGL0zL4d3osHj3uqllWJK+i+sixDS/3COVEOFbupFyw==

dotenv@^16.4.7:
  version "16.6.1"
  resolved "https://registry.yarnpkg.com/dotenv/-/dotenv-16.6.1.tgz#773f0e69527a8315c7285d5ee73c4459d20a8020"
  integrity sha512-uBq4egWHTcTt33a72vpSG0z3HnPuIl6NqYcTrKEg2azoEyl2hpW0zqlxysq2pK9HlDIHyHyakeYaYnSAwd8bow==

drizzle-orm@^0.41.0:
  version "0.41.0"
  resolved "https://registry.yarnpkg.com/drizzle-orm/-/drizzle-orm-0.41.0.tgz#61b55ef3bf5983222deaaeed848b8c58c4aa3e0a"
  integrity sha512-7A4ZxhHk9gdlXmTdPj/lREtP+3u8KvZ4yEN6MYVxBzZGex5Wtdc+CWSbu7btgF6TB0N+MNPrvW7RKBbxJchs/Q==

ecdsa-sig-formatter@1.0.11:
  version "1.0.11"
  resolved "https://registry.yarnpkg.com/ecdsa-sig-formatter/-/ecdsa-sig-formatter-1.0.11.tgz#ae0f0fa2d85045ef14a817daa3ce9acd0489e5bf"
  integrity sha512-nagl3RYrbNv6kQkeJIpt6NJZy8twLB/2vtz6yN9Z4vRKHN4/QZJIEbqohALSgwKdnksuY3k5Addp5lg8sVoVcQ==
  dependencies:
    safe-buffer "^5.0.1"

esbuild@~0.28.0:
  version "0.28.0"
  resolved "https://registry.yarnpkg.com/esbuild/-/esbuild-0.28.0.tgz#5dee347ffb3e3874212a35a69836b077b1ce6d96"
  integrity sha512-sNR9MHpXSUV/XB4zmsFKN+QgVG82Cc7+/aaxJ8Adi8hyOac+EXptIp45QBPaVyX3N70664wRbTcLTOemCAnyqw==
  optionalDependencies:
    "@esbuild/aix-ppc64" "0.28.0"
    "@esbuild/android-arm" "0.28.0"
    "@esbuild/android-arm64" "0.28.0"
    "@esbuild/android-x64" "0.28.0"
    "@esbuild/darwin-arm64" "0.28.0"
    "@esbuild/darwin-x64" "0.28.0"
    "@esbuild/freebsd-arm64" "0.28.0"
    "@esbuild/freebsd-x64" "0.28.0"
    "@esbuild/linux-arm" "0.28.0"
    "@esbuild/linux-arm64" "0.28.0"
    "@esbuild/linux-ia32" "0.28.0"
    "@esbuild/linux-loong64" "0.28.0"
    "@esbuild/linux-mips64el" "0.28.0"
    "@esbuild/linux-ppc64" "0.28.0"
    "@esbuild/linux-riscv64" "0.28.0"
    "@esbuild/linux-s390x" "0.28.0"
    "@esbuild/linux-x64" "0.28.0"
    "@esbuild/netbsd-arm64" "0.28.0"
    "@esbuild/netbsd-x64" "0.28.0"
    "@esbuild/openbsd-arm64" "0.28.0"
    "@esbuild/openbsd-x64" "0.28.0"
    "@esbuild/openharmony-arm64" "0.28.0"
    "@esbuild/sunos-x64" "0.28.0"
    "@esbuild/win32-arm64" "0.28.0"
    "@esbuild/win32-ia32" "0.28.0"
    "@esbuild/win32-x64" "0.28.0"

fetch-blob@^3.1.2, fetch-blob@^3.1.4:
  version "3.2.0"
  resolved "https://registry.yarnpkg.com/fetch-blob/-/fetch-blob-3.2.0.tgz#f09b8d4bbd45adc6f0c20b7e787e793e309dcce9"
  integrity sha512-7yAQpD2UMJzLi1Dqv7qFYnPbaPx7ZfFK6PiIxQ4PfkGPyNyl2Ugx+a/umUonmKqjhM4DnfbMvdX6otXq83soQQ==
  dependencies:
    node-domexception "^1.0.0"
    web-streams-polyfill "^3.0.3"

formdata-polyfill@^4.0.10:
  version "4.0.10"
  resolved "https://registry.yarnpkg.com/formdata-polyfill/-/formdata-polyfill-4.0.10.tgz#24807c31c9d402e002ab3d8c720144ceb8848423"
  integrity sha512-buewHzMvYL29jdeQTVILecSaZKnt/RJWjoZCF5OW60Z67/GmSLBkOFM7qh1PI3zFNtJbaZL5eQu1vLfazOwj4g==
  dependencies:
    fetch-blob "^3.1.2"

fsevents@~2.3.3:
  version "2.3.3"
  resolved "https://registry.yarnpkg.com/fsevents/-/fsevents-2.3.3.tgz#cac6407785d03675a2a5e1a5305c697b347d90d6"
  integrity sha512-5xoDfX+fL7faATnagmWPpbFtwh/R77WmMMqqHGS65C3vvB0YHrgF+B1YmZ3441tMj5n63k0212XNoJwzlhffQw==

http_ece@1.2.0:
  version "1.2.0"
  resolved "https://registry.yarnpkg.com/http_ece/-/http_ece-1.2.0.tgz#84d5885f052eae8c9b075eee4d2eb5105f114479"
  integrity sha512-JrF8SSLVmcvc5NducxgyOrKXe3EsyHMgBFgSaIUGmArKe+rwr0uphRkRXvwiom3I+fpIfoItveHrfudL8/rxuA==

https-proxy-agent@^7.0.0:
  version "7.0.6"
  resolved "https://registry.yarnpkg.com/https-proxy-agent/-/https-proxy-agent-7.0.6.tgz#da8dfeac7da130b05c2ba4b59c9b6cd66611a6b9"
  integrity sha512-vK9P5/iUfdl95AI+JVyUuIcVtd4ofvtrOr3HNtM2yxC9bnMbEdp3x01OhQNnjb8IJYi38VlTE3mBXwcfvywuSw==
  dependencies:
    agent-base "^7.1.2"
    debug "4"

inherits@^2.0.1:
  version "2.0.4"
  resolved "https://registry.yarnpkg.com/inherits/-/inherits-2.0.4.tgz#0fa2c64f932917c3433a0ded55363aae37416b7c"
  integrity sha512-k/vGaX4/Yla3WzyMCvTQOXYeIHvqOKtnqBduzTHpzpQZzAskKMhZ2K+EnBiSM9zGSoIFeMpXKxa4dYeZIQqewQ==

js-base64@^3.7.5:
  version "3.7.8"
  resolved "https://registry.yarnpkg.com/js-base64/-/js-base64-3.7.8.tgz#af44496bc09fa178ed9c4adf67eb2b46f5c6d2a4"
  integrity sha512-hNngCeKxIUQiEUN3GPJOkz4wF/YvdUdbNL9hsBcMQTkKzboD7T/q3OYOuuPZLUE6dBxSGpwhk5mwuDud7JVAow==

jwa@^2.0.1:
  version "2.0.1"
  resolved "https://registry.yarnpkg.com/jwa/-/jwa-2.0.1.tgz#bf8176d1ad0cd72e0f3f58338595a13e110bc804"
  integrity sha512-hRF04fqJIP8Abbkq5NKGN0Bbr3JxlQ+qhZufXVr0DvujKy93ZCbXZMHDL4EOtodSbCWxOqR8MS1tXA5hwqCXDg==
  dependencies:
    buffer-equal-constant-time "^1.0.1"
    ecdsa-sig-formatter "1.0.11"
    safe-buffer "^5.0.1"

jws@^4.0.0:
  version "4.0.1"
  resolved "https://registry.yarnpkg.com/jws/-/jws-4.0.1.tgz#07edc1be8fac20e677b283ece261498bd38f0690"
  integrity sha512-EKI/M/yqPncGUUh44xz0PxSidXFr/+r0pA70+gIYhjv+et7yxM+s29Y+VGDkovRofQem0fs7Uvf4+YmAdyRduA==
  dependencies:
    jwa "^2.0.1"
    safe-buffer "^5.0.1"

libsql@^0.4.4:
  version "0.4.7"
  resolved "https://registry.yarnpkg.com/libsql/-/libsql-0.4.7.tgz#dc80f94c58ac8146adc351e82f76dd12366fe051"
  integrity sha512-T9eIRCs6b0J1SHKYIvD8+KCJMcWZ900iZyxdnSCdqxN12Z1ijzT+jY5nrk72Jw4B0HGzms2NgpryArlJqvc3Lw==
  dependencies:
    "@neon-rs/load" "^0.0.4"
    detect-libc "2.0.2"
  optionalDependencies:
    "@libsql/darwin-arm64" "0.4.7"
    "@libsql/darwin-x64" "0.4.7"
    "@libsql/linux-arm64-gnu" "0.4.7"
    "@libsql/linux-arm64-musl" "0.4.7"
    "@libsql/linux-x64-gnu" "0.4.7"
    "@libsql/linux-x64-musl" "0.4.7"
    "@libsql/win32-x64-msvc" "0.4.7"

minimalistic-assert@^1.0.0:
  version "1.0.1"
  resolved "https://registry.yarnpkg.com/minimalistic-assert/-/minimalistic-assert-1.0.1.tgz#2e194de044626d4a10e7f7fbc00ce73e83e4d5c7"
  integrity sha512-UtJcAD4yEaGtjPezWuO9wC4nwUnVH/8/Im3yEHQP4b67cXlD/Qr9hdITCU1xDbSEXg2XKNaP8jsReV7vQd00/A==

minimist@^1.2.5:
  version "1.2.8"
  resolved "https://registry.yarnpkg.com/minimist/-/minimist-1.2.8.tgz#c1a464e7693302e082a075cee0c057741ac4772c"
  integrity sha512-2yyAR8qBkN3YuheJanUpWC5U3bb5osDywNB8RzDVlDwDHbocAJveqqj1u8+SVD7jkWT4yvsHCpWqqWqAxb0zCA==

ms@^2.1.3:
  version "2.1.3"
  resolved "https://registry.yarnpkg.com/ms/-/ms-2.1.3.tgz#574c8138ce1d2b5861f0b44579dbadd60c6615b2"
  integrity sha512-6FlzubTLZG3J2a/NVCAleEhjzq5oxgHyaCU9yYXvcLsvoVaHJq/s5xXI6/XXP6tz7R9xAOtHnSO/tXtF3WRTlA==

node-cron@^3.0.3:
  version "3.0.3"
  resolved "https://registry.yarnpkg.com/node-cron/-/node-cron-3.0.3.tgz#c4bc7173dd96d96c50bdb51122c64415458caff2"
  integrity sha512-dOal67//nohNgYWb+nWmg5dkFdIwDm8EpeGYMekPMrngV3637lqnX0lbUcCtgibHTz6SEz7DAIjKvKDFYCnO1A==
  dependencies:
    uuid "8.3.2"

node-domexception@^1.0.0:
  version "1.0.0"
  resolved "https://registry.yarnpkg.com/node-domexception/-/node-domexception-1.0.0.tgz#6888db46a1f71c0b76b3f7555016b63fe64766e5"
  integrity sha512-/jKZoMpw0F8GRwl4/eLROPA3cfcXtLApP0QzLmUT/HuPCZWyB7IY9ZrMeKw2O/nFIqPQB3PVM9aYm0F312AXDQ==

node-fetch@^3.3.2:
  version "3.3.2"
  resolved "https://registry.yarnpkg.com/node-fetch/-/node-fetch-3.3.2.tgz#d1e889bacdf733b4ff3b2b243eb7a12866a0b78b"
  integrity sha512-dRB78srN/l6gqWulah9SrxeYnxeddIG30+GOqK/9OlLVyLg3HPnr6SqOWTWOXKRwC2eGYCkZ59NNuSgvSrpgOA==
  dependencies:
    data-uri-to-buffer "^4.0.0"
    fetch-blob "^3.1.4"
    formdata-polyfill "^4.0.10"

promise-limit@^2.7.0:
  version "2.7.0"
  resolved "https://registry.yarnpkg.com/promise-limit/-/promise-limit-2.7.0.tgz#eb5737c33342a030eaeaecea9b3d3a93cb592b26"
  integrity sha512-7nJ6v5lnJsXwGprnGXga4wx6d1POjvi5Qmf1ivTRxTjH4Z/9Czja/UCMLVmB9N93GeWOU93XaFaEt6jbuoagNw==

safe-buffer@^5.0.1:
  version "5.2.1"
  resolved "https://registry.yarnpkg.com/safe-buffer/-/safe-buffer-5.2.1.tgz#1eaf9fa9bdb1fdd4ec75f58f9cdb4e6b7827eec6"
  integrity sha512-rp3So07KcdmmKbGvgaNxQSJr7bGVSVk5S9Eq1F+ppbRo70+YeaDxkw5Dd8NPN+GD6bjnYm2VuPuCXmpuYvmCXQ==

safer-buffer@^2.1.0:
  version "2.1.2"
  resolved "https://registry.yarnpkg.com/safer-buffer/-/safer-buffer-2.1.2.tgz#44fa161b0187b9549dd84bb91802f9bd8385cd6a"
  integrity sha512-YZo3K82SD7Riyi0E1EQPojLz7kpepnSQI9IyPbHHg1XXXevb5dJI7tpyN2ADxGcQbHG7vcyRHk0cbwqcQriUtg==

tsx@^4.19.2:
  version "4.22.3"
  resolved "https://registry.yarnpkg.com/tsx/-/tsx-4.22.3.tgz#7ca7cb34028e3e247f1fad300c157e42a90a1f50"
  integrity sha512-mdoNxBC/cSQObGGVQ5Bpn5i+yv7j68gk3Nfm3wFjcJg3Z0Mix9jzAFfP12prmm5eVGmDKtp0yyArrs0Q+8gZHg==
  dependencies:
    esbuild "~0.28.0"
  optionalDependencies:
    fsevents "~2.3.3"

typescript@^5.8.3:
  version "5.9.3"
  resolved "https://registry.yarnpkg.com/typescript/-/typescript-5.9.3.tgz#5b4f59e15310ab17a216f5d6cf53ee476ede670f"
  integrity sha512-jl1vZzPDinLr9eUt3J/t7V6FgNEw9QjvBPdysz9KfQDD41fQrC2Y4vKQdiaUpFT4bXlb1RHhLpp8wtm6M5TgSw==

"undici-types@>=7.24.0 <7.24.7":
  version "7.24.6"
  resolved "https://registry.yarnpkg.com/undici-types/-/undici-types-7.24.6.tgz#61275b485d7fd4e9d269c7cf04ec2873c9cc0f91"
  integrity sha512-WRNW+sJgj5OBN4/0JpHFqtqzhpbnV0GuB+OozA9gCL7a993SmU+1JBZCzLNxYsbMfIeDL+lTsphD5jN5N+n0zg==

undici-types@~6.21.0:
  version "6.21.0"
  resolved "https://registry.yarnpkg.com/undici-types/-/undici-types-6.21.0.tgz#691d00af3909be93a7faa13be61b3a5b50ef12cb"
  integrity sha512-iwDZqg0QAGrg9Rav5H4n0M64c3mkR59cJ6wQp+7C4nI0gsmExaedaYLNO44eT4AtBBwjbTiGPMlt2Md0T9H9JQ==

uuid@8.3.2:
  version "8.3.2"
  resolved "https://registry.yarnpkg.com/uuid/-/uuid-8.3.2.tgz#80d5b5ced271bb9af6c445f21a1a04c606cefbe2"
  integrity sha512-+NYs2QeMWy+GWFOEm9xnn6HCDp0l7QBD7ml8zLUmJ+93Q5NF0NocErnwkTkXVFNiX3/fpC6afS8Dhb/gz7R7eg==

web-push@^3.6.7:
  version "3.6.7"
  resolved "https://registry.yarnpkg.com/web-push/-/web-push-3.6.7.tgz#5f5e645951153e37ef90a6ddea5c150ea0f709e1"
  integrity sha512-OpiIUe8cuGjrj3mMBFWY+e4MMIkW3SVT+7vEIjvD9kejGUypv8GPDf84JdPWskK8zMRIJ6xYGm+Kxr8YkPyA0A==
  dependencies:
    asn1.js "^5.3.0"
    http_ece "1.2.0"
    https-proxy-agent "^7.0.0"
    jws "^4.0.0"
    minimist "^1.2.5"

web-streams-polyfill@^3.0.3:
  version "3.3.3"
  resolved "https://registry.yarnpkg.com/web-streams-polyfill/-/web-streams-polyfill-3.3.3.tgz#2073b91a2fdb1fbfbd401e7de0ac9f8214cecb4b"
  integrity sha512-d2JWLCivmZYTSIoge9MsgFCZrt571BikcWGYkjC1khllbTeDlGqZ2D8vD8E/lJa8WGWbb7Plm8/XJYV7IJHZZw==

ws@^8.13.0:
  version "8.20.1"
  resolved "https://registry.yarnpkg.com/ws/-/ws-8.20.1.tgz#91a9ae2b312ccf98e0a85ec499b48cef45ab0ddb"
  integrity sha512-It4dO0K5v//JtTXuPkfEOaI3uUN87iYPnqo/ZzqCoG3g8uhA66QUMs/SrM0YK7/NAu+r4LMh/9dq2A7k+rHs+w==
